
Microsoft Visual Studio Solution File, Format Version 12.00
# Visual Studio Version 17
VisualStudioVersion = 17.7.34031.279
MinimumVisualStudioVersion = 10.0.40219.1
Project("{FAE04EC0-301F-11D3-BF4B-00C04F79EFBC}") = "Proyecto2Git", "Proyecto2Git\Proyecto2Git.csproj", "{7F9CCFF5-4DEC-4A6F-A19D-743E1BAC02F8}"
EndProject
Global
	GlobalSection(SolutionConfigurationPlatforms) = preSolution
		Debug|Any CPU = Debug|Any CPU
		Release|Any CPU = Release|Any CPU
	EndGlobalSection
	GlobalSection(ProjectConfigurationPlatforms) = postSolution
		{7F9CCFF5-4DEC-4A6F-A19D-743E1BAC02F8}.Debug|Any CPU.ActiveCfg = Debug|Any CPU
		{7F9CCFF5-4DEC-4A6F-A19D-743E1BAC02F8}.Debug|Any CPU.Build.0 = Debug|Any CPU
		{7F9CCFF5-4DEC-4A6F-A19D-743E1BAC02F8}.Release|Any CPU.ActiveCfg = Release|Any CPU
		{7F9CCFF5-4DEC-4A6F-A19D-743E1BAC02F8}.Release|Any CPU.Build.0 = Release|Any CPU
	EndGlobalSection
	GlobalSection(SolutionProperties) = preSolution
		HideSolutionNode = FALSE
	EndGlobalSection
	GlobalSection(ExtensibilityGlobals) = postSolution
		SolutionGuid = {7FFA7C10-AFA6-47C2-85E2-01273B9C3BA3}
	EndGlobalSection
EndGlobal
